
Microsoft Visual Studio Solution File, Format Version 12.00
# Visual Studio Version 16
VisualStudioVersion = 16.0.31129.286
MinimumVisualStudioVersion = 10.0.40219.1
Project("{FAE04EC0-301F-11D3-BF4B-00C04F79EFBC}") = "WpfApp1", "WpfApp1\WpfApp1.csproj", "{579E2FF2-F630-4D7D-980A-56A515F06D1C}"
EndProject
Global
	GlobalSection(SolutionConfigurationPlatforms) = preSolution
		Debug|Any CPU = Debug|Any CPU
		Release|Any CPU = Release|Any CPU
	EndGlobalSection
	GlobalSection(ProjectConfigurationPlatforms) = postSolution
		{579E2FF2-F630-4D7D-980A-56A515F06D1C}.Debug|Any CPU.ActiveCfg = Debug|Any CPU
		{579E2FF2-F630-4D7D-980A-56A515F06D1C}.Debug|Any CPU.Build.0 = Debug|Any CPU
		{579E2FF2-F630-4D7D-980A-56A515F06D1C}.Release|Any CPU.ActiveCfg = Release|Any CPU
		{579E2FF2-F630-4D7D-980A-56A515F06D1C}.Release|Any CPU.Build.0 = Release|Any CPU
	EndGlobalSection
	GlobalSection(SolutionProperties) = preSolution
		HideSolutionNode = FALSE
	EndGlobalSection
	GlobalSection(ExtensibilityGlobals) = postSolution
		SolutionGuid = {EFC43E35-B2E3-4559-A322-A271F184E2F0}
	EndGlobalSection
EndGlobal
